
Microsoft Visual Studio Solution File, Format Version 12.00
# Visual Studio Version 17
VisualStudioVersion = 17.10.35013.160
MinimumVisualStudioVersion = 10.0.40219.1
Project("{FAE04EC0-301F-11D3-BF4B-00C04F79EFBC}") = "Calculator", "Calculator\Calculator.csproj", "{F5C745E2-35B2-4180-8278-0C2C8E21E367}"
EndProject
Global
	GlobalSection(SolutionConfigurationPlatforms) = preSolution
		Debug|Any CPU = Debug|Any CPU
		Release|Any CPU = Release|Any CPU
	EndGlobalSection
	GlobalSection(ProjectConfigurationPlatforms) = postSolution
		{F5C745E2-35B2-4180-8278-0C2C8E21E367}.Debug|Any CPU.ActiveCfg = Debug|Any CPU
		{F5C745E2-35B2-4180-8278-0C2C8E21E367}.Debug|Any CPU.Build.0 = Debug|Any CPU
		{F5C745E2-35B2-4180-8278-0C2C8E21E367}.Release|Any CPU.ActiveCfg = Release|Any CPU
		{F5C745E2-35B2-4180-8278-0C2C8E21E367}.Release|Any CPU.Build.0 = Release|Any CPU
	EndGlobalSection
	GlobalSection(SolutionProperties) = preSolution
		HideSolutionNode = FALSE
	EndGlobalSection
	GlobalSection(ExtensibilityGlobals) = postSolution
		SolutionGuid = {BF0054FC-0753-4B2E-B253-2DEC20224F24}
	EndGlobalSection
EndGlobal
